// !$*UTF8*$!
{
	archiveVersion = 1;
	classes = {
	};
	objectVersion = 50;
	objects = {

/* Begin PBXBuildFile section */
		EF7619B6267225EB00357D23 /* AppDelegate.swift in Sources */ = {isa = PBXBuildFile; fileRef = EF7619B5267225EB00357D23 /* AppDelegate.swift */; };
		EF7619BA267225EB00357D23 /* ViewController.swift in Sources */ = {isa = PBXBuildFile; fileRef = EF7619B9267225EB00357D23 /* ViewController.swift */; };
		EF7619BD267225EB00357D23 /* Main.storyboard in Resources */ = {isa = PBXBuildFile; fileRef = EF7619BB267225EB00357D23 /* Main.storyboard */; };
		EF7619BF267225F200357D23 /* Assets.xcassets in Resources */ = {isa = PBXBuildFile; fileRef = EF7619BE267225F200357D23 /* Assets.xcassets */; };
		EF7619C2267225F200357D23 /* LaunchScreen.storyboard in Resources */ = {isa = PBXBuildFile; fileRef = EF7619C0267225F200357D23 /* LaunchScreen.storyboard */; };
		EF7619CD267225F200357D23 /* NotificationFacadeTests.swift in Sources */ = {isa = PBXBuildFile; fileRef = EF7619CC267225F200357D23 /* NotificationFacadeTests.swift */; };
		EF7619D8267225F300357D23 /* NotificationFacadeUITests.swift in Sources */ = {isa = PBXBuildFile; fileRef = EF7619D7267225F300357D23 /* NotificationFacadeUITests.swift */; };
		EF7619EA2672263700357D23 /* RequestNotificationFacade.swift in Sources */ = {isa = PBXBuildFile; fileRef = EF7619E92672263700357D23 /* RequestNotificationFacade.swift */; };
		EF761A0E267253A800357D23 /* BiometricIDAuth.swift in Sources */ = {isa = PBXBuildFile; fileRef = EF761A0D267253A800357D23 /* BiometricIDAuth.swift */; };
/* End PBXBuildFile section */

/* Begin PBXContainerItemProxy section */
		EF7619C9267225F200357D23 /* PBXContainerItemProxy */ = {
			isa = PBXContainerItemProxy;
			containerPortal = EF7619AA267225EB00357D23 /* Project object */;
			proxyType = 1;
			remoteGlobalIDString = EF7619B1267225EB00357D23;
			remoteInfo = NotificationFacade;
		};
		EF7619D4267225F300357D23 /* PBXContainerItemProxy */ = {
			isa = PBXContainerItemProxy;
			containerPortal = EF7619AA267225EB00357D23 /* Project object */;
			proxyType = 1;
			remoteGlobalIDString = EF7619B1267225EB00357D23;
			remoteInfo = NotificationFacade;
		};
/* End PBXContainerItemProxy section */

/* Begin PBXFileReference section */
		EF7619B2267225EB00357D23 /* NotificationFacade.app */ = {isa = PBXFileReference; explicitFileType = wrapper.application; includeInIndex = 0; path = NotificationFacade.app; sourceTree = BUILT_PRODUCTS_DIR; };
		EF7619B5267225EB00357D23 /* AppDelegate.swift */ = {isa = PBXFileReference; lastKnownFileType = sourcecode.swift; path = AppDelegate.swift; sourceTree = "<group>"; };
		EF7619B9267225EB00357D23 /* ViewController.swift */ = {isa = PBXFileReference; lastKnownFileType = sourcecode.swift; path = ViewController.swift; sourceTree = "<group>"; };
		EF7619BC267225EB00357D23 /* Base */ = {isa = PBXFileReference; lastKnownFileType = file.storyboard; name = Base; path = Base.lproj/Main.storyboard; sourceTree = "<group>"; };
		EF7619BE267225F200357D23 /* Assets.xcassets */ = {isa = PBXFileReference; lastKnownFileType = folder.assetcatalog; path = Assets.xcassets; sourceTree = "<group>"; };
		EF7619C1267225F200357D23 /* Base */ = {isa = PBXFileReference; lastKnownFileType = file.storyboard; name = Base; path = Base.lproj/LaunchScreen.storyboard; sourceTree = "<group>"; };
		EF7619C3267225F200357D23 /* Info.plist */ = {isa = PBXFileReference; lastKnownFileType = text.plist.xml; path = Info.plist; sourceTree = "<group>"; };
		EF7619C8267225F200357D23 /* NotificationFacadeTests.xctest */ = {isa = PBXFileReference; explicitFileType = wrapper.cfbundle; includeInIndex = 0; path = NotificationFacadeTests.xctest; sourceTree = BUILT_PRODUCTS_DIR; };
		EF7619CC267225F200357D23 /* NotificationFacadeTests.swift */ = {isa = PBXFileReference; lastKnownFileType = sourcecode.swift; path = NotificationFacadeTests.swift; sourceTree = "<group>"; };
		EF7619CE267225F200357D23 /* Info.plist */ = {isa = PBXFileReference; lastKnownFileType = text.plist.xml; path = Info.plist; sourceTree = "<group>"; };
		EF7619D3267225F300357D23 /* NotificationFacadeUITests.xctest */ = {isa = PBXFileReference; explicitFileType = wrapper.cfbundle; includeInIndex = 0; path = NotificationFacadeUITests.xctest; sourceTree = BUILT_PRODUCTS_DIR; };
		EF7619D7267225F300357D23 /* NotificationFacadeUITests.swift */ = {isa = PBXFileReference; lastKnownFileType = sourcecode.swift; path = NotificationFacadeUITests.swift; sourceTree = "<group>"; };
		EF7619D9267225F300357D23 /* Info.plist */ = {isa = PBXFileReference; lastKnownFileType = text.plist.xml; path = Info.plist; sourceTree = "<group>"; };
		EF7619E92672263700357D23 /* RequestNotificationFacade.swift */ = {isa = PBXFileReference; lastKnownFileType = sourcecode.swift; path = RequestNotificationFacade.swift; sourceTree = "<group>"; };
		EF761A0D267253A800357D23 /* BiometricIDAuth.swift */ = {isa = PBXFileReference; lastKnownFileType = sourcecode.swift; path = BiometricIDAuth.swift; sourceTree = "<group>"; };
/* End PBXFileReference section */

/* Begin PBXFrameworksBuildPhase section */
		EF7619AF267225EB00357D23 /* Frameworks */ = {
			isa = PBXFrameworksBuildPhase;
			buildActionMask = 2147483647;
			files = (
			);
			runOnlyForDeploymentPostprocessing = 0;
		};
		EF7619C5267225F200357D23 /* Frameworks */ = {
			isa = PBXFrameworksBuildPhase;
			buildActionMask = 2147483647;
			files = (
			);
			runOnlyForDeploymentPostprocessing = 0;
		};
		EF7619D0267225F300357D23 /* Frameworks */ = {
			isa = PBXFrameworksBuildPhase;
			buildActionMask = 2147483647;
			files = (
			);
			runOnlyForDeploymentPostprocessing = 0;
		};
/* End PBXFrameworksBuildPhase section */

/* Begin PBXGroup section */
		EF7619A9267225EB00357D23 = {
			isa = PBXGroup;
			children = (
				EF7619B4267225EB00357D23 /* NotificationFacade */,
				EF7619CB267225F200357D23 /* NotificationFacadeTests */,
				EF7619D6267225F300357D23 /* NotificationFacadeUITests */,
				EF7619B3267225EB00357D23 /* Products */,
			);
			sourceTree = "<group>";
		};
		EF7619B3267225EB00357D23 /* Products */ = {
			isa = PBXGroup;
			children = (
				EF7619B2267225EB00357D23 /* NotificationFacade.app */,
				EF7619C8267225F200357D23 /* NotificationFacadeTests.xctest */,
				EF7619D3267225F300357D23 /* NotificationFacadeUITests.xctest */,
			);
			name = Products;
			sourceTree = "<group>";
		};
		EF7619B4267225EB00357D23 /* NotificationFacade */ = {
			isa = PBXGroup;
			children = (
				EF761A0626724C9D00357D23 /* LocalAuthentication */,
				EF7619E82672261500357D23 /* Sources */,
				EF7619B5267225EB00357D23 /* AppDelegate.swift */,
				EF7619B9267225EB00357D23 /* ViewController.swift */,
				EF7619BB267225EB00357D23 /* Main.storyboard */,
				EF7619BE267225F200357D23 /* Assets.xcassets */,
				EF7619C0267225F200357D23 /* LaunchScreen.storyboard */,
				EF7619C3267225F200357D23 /* Info.plist */,
			);
			path = NotificationFacade;
			sourceTree = "<group>";
		};
		EF7619CB267225F200357D23 /* NotificationFacadeTests */ = {
			isa = PBXGroup;
			children = (
				EF7619CC267225F200357D23 /* NotificationFacadeTests.swift */,
				EF7619CE267225F200357D23 /* Info.plist */,
			);
			path = NotificationFacadeTests;
			sourceTree = "<group>";
		};
		EF7619D6267225F300357D23 /* NotificationFacadeUITests */ = {
			isa = PBXGroup;
			children = (
				EF7619D7267225F300357D23 /* NotificationFacadeUITests.swift */,
				EF7619D9267225F300357D23 /* Info.plist */,
			);
			path = NotificationFacadeUITests;
			sourceTree = "<group>";
		};
		EF7619E82672261500357D23 /* Sources */ = {
			isa = PBXGroup;
			children = (
				EF7619E92672263700357D23 /* RequestNotificationFacade.swift */,
			);
			path = Sources;
			sourceTree = "<group>";
		};
		EF761A0626724C9D00357D23 /* LocalAuthentication */ = {
			isa = PBXGroup;
			children = (
				EF761A0D267253A800357D23 /* BiometricIDAuth.swift */,
			);
			path = LocalAuthentication;
			sourceTree = "<group>";
		};
/* End PBXGroup section */

/* Begin PBXNativeTarget section */
		EF7619B1267225EB00357D23 /* NotificationFacade */ = {
			isa = PBXNativeTarget;
			buildConfigurationList = EF7619DC267225F300357D23 /* Build configuration list for PBXNativeTarget "NotificationFacade" */;
			buildPhases = (
				EF7619AE267225EB00357D23 /* Sources */,
				EF7619AF267225EB00357D23 /* Frameworks */,
				EF7619B0267225EB00357D23 /* Resources */,
			);
			buildRules = (
			);
			dependencies = (
			);
			name = NotificationFacade;
			productName = NotificationFacade;
			productReference = EF7619B2267225EB00357D23 /* NotificationFacade.app */;
			productType = "com.apple.product-type.application";
		};
		EF7619C7267225F200357D23 /* NotificationFacadeTests */ = {
			isa = PBXNativeTarget;
			buildConfigurationList = EF7619DF267225F300357D23 /* Build configuration list for PBXNativeTarget "NotificationFacadeTests" */;
			buildPhases = (
				EF7619C4267225F200357D23 /* Sources */,
				EF7619C5267225F200357D23 /* Frameworks */,
				EF7619C6267225F200357D23 /* Resources */,
			);
			buildRules = (
			);
			dependencies = (
				EF7619CA267225F200357D23 /* PBXTargetDependency */,
			);
			name = NotificationFacadeTests;
			productName = NotificationFacadeTests;
			productReference = EF7619C8267225F200357D23 /* NotificationFacadeTests.xctest */;
			productType = "com.apple.product-type.bundle.unit-test";
		};
		EF7619D2267225F300357D23 /* NotificationFacadeUITests */ = {
			isa = PBXNativeTarget;
			buildConfigurationList = EF7619E2267225F300357D23 /* Build configuration list for PBXNativeTarget "NotificationFacadeUITests" */;
			buildPhases = (
				EF7619CF267225F300357D23 /* Sources */,
				EF7619D0267225F300357D23 /* Frameworks */,
				EF7619D1267225F300357D23 /* Resources */,
			);
			buildRules = (
			);
			dependencies = (
				EF7619D5267225F300357D23 /* PBXTargetDependency */,
			);
			name = NotificationFacadeUITests;
			productName = NotificationFacadeUITests;
			productReference = EF7619D3267225F300357D23 /* NotificationFacadeUITests.xctest */;
			productType = "com.apple.product-type.bundle.ui-testing";
		};
/* End PBXNativeTarget section */

/* Begin PBXProject section */
		EF7619AA267225EB00357D23 /* Project object */ = {
			isa = PBXProject;
			attributes = {
				LastSwiftUpdateCheck = 1240;
				LastUpgradeCheck = 1240;
				TargetAttributes = {
					EF7619B1267225EB00357D23 = {
						CreatedOnToolsVersion = 12.4;
					};
					EF7619C7267225F200357D23 = {
						CreatedOnToolsVersion = 12.4;
						TestTargetID = EF7619B1267225EB00357D23;
					};
					EF7619D2267225F300357D23 = {
						CreatedOnToolsVersion = 12.4;
						TestTargetID = EF7619B1267225EB00357D23;
					};
				};
			};
			buildConfigurationList = EF7619AD267225EB00357D23 /* Build configuration list for PBXProject "NotificationFacade" */;
			compatibilityVersion = "Xcode 9.3";
			developmentRegion = en;
			hasScannedForEncodings = 0;
			knownRegions = (
				en,
				Base,
			);
			mainGroup = EF7619A9267225EB00357D23;
			productRefGroup = EF7619B3267225EB00357D23 /* Products */;
			projectDirPath = "";
			projectRoot = "";
			targets = (
				EF7619B1267225EB00357D23 /* NotificationFacade */,
				EF7619C7267225F200357D23 /* NotificationFacadeTests */,
				EF7619D2267225F300357D23 /* NotificationFacadeUITests */,
			);
		};
/* End PBXProject section */

/* Begin PBXResourcesBuildPhase section */
		EF7619B0267225EB00357D23 /* Resources */ = {
			isa = PBXResourcesBuildPhase;
			buildActionMask = 2147483647;
			files = (
				EF7619C2267225F200357D23 /* LaunchScreen.storyboard in Resources */,
				EF7619BF267225F200357D23 /* Assets.xcassets in Resources */,
				EF7619BD267225EB00357D23 /* Main.storyboard in Resources */,
			);
			runOnlyForDeploymentPostprocessing = 0;
		};
		EF7619C6267225F200357D23 /* Resources */ = {
			isa = PBXResourcesBuildPhase;
			buildActionMask = 2147483647;
			files = (
			);
			runOnlyForDeploymentPostprocessing = 0;
		};
		EF7619D1267225F300357D23 /* Resources */ = {
			isa = PBXResourcesBuildPhase;
			buildActionMask = 2147483647;
			files = (
			);
			runOnlyForDeploymentPostprocessing = 0;
		};
/* End PBXResourcesBuildPhase section */

/* Begin PBXSourcesBuildPhase section */
		EF7619AE267225EB00357D23 /* Sources */ = {
			isa = PBXSourcesBuildPhase;
			buildActionMask = 2147483647;
			files = (
				EF7619BA267225EB00357D23 /* ViewController.swift in Sources */,
				EF7619B6267225EB00357D23 /* AppDelegate.swift in Sources */,
				EF7619EA2672263700357D23 /* RequestNotificationFacade.swift in Sources */,
				EF761A0E267253A800357D23 /* BiometricIDAuth.swift in Sources */,
			);
			runOnlyForDeploymentPostprocessing = 0;
		};
		EF7619C4267225F200357D23 /* Sources */ = {
			isa = PBXSourcesBuildPhase;
			buildActionMask = 2147483647;
			files = (
				EF7619CD267225F200357D23 /* NotificationFacadeTests.swift in Sources */,
			);
			runOnlyForDeploymentPostprocessing = 0;
		};
		EF7619CF267225F300357D23 /* Sources */ = {
			isa = PBXSourcesBuildPhase;
			buildActionMask = 2147483647;
			files = (
				EF7619D8267225F300357D23 /* NotificationFacadeUITests.swift in Sources */,
			);
			runOnlyForDeploymentPostprocessing = 0;
		};
/* End PBXSourcesBuildPhase section */

/* Begin PBXTargetDependency section */
		EF7619CA267225F200357D23 /* PBXTargetDependency */ = {
			isa = PBXTargetDependency;
			target = EF7619B1267225EB00357D23 /* NotificationFacade */;
			targetProxy = EF7619C9267225F200357D23 /* PBXContainerItemProxy */;
		};
		EF7619D5267225F300357D23 /* PBXTargetDependency */ = {
			isa = PBXTargetDependency;
			target = EF7619B1267225EB00357D23 /* NotificationFacade */;
			targetProxy = EF7619D4267225F300357D23 /* PBXContainerItemProxy */;
		};
/* End PBXTargetDependency section */

/* Begin PBXVariantGroup section */
		EF7619BB267225EB00357D23 /* Main.storyboard */ = {
			isa = PBXVariantGroup;
			children = (
				EF7619BC267225EB00357D23 /* Base */,
			);
			name = Main.storyboard;
			sourceTree = "<group>";
		};
		EF7619C0267225F200357D23 /* LaunchScreen.storyboard */ = {
			isa = PBXVariantGroup;
			children = (
				EF7619C1267225F200357D23 /* Base */,
			);
			name = LaunchScreen.storyboard;
			sourceTree = "<group>";
		};
/* End PBXVariantGroup section */

/* Begin XCBuildConfiguration section */
		EF7619DA267225F300357D23 /* Debug */ = {
			isa = XCBuildConfiguration;
			buildSettings = {
				ALWAYS_SEARCH_USER_PATHS = NO;
				CLANG_ANALYZER_NONNULL = YES;
				CLANG_ANALYZER_NUMBER_OBJECT_CONVERSION = YES_AGGRESSIVE;
				CLANG_CXX_LANGUAGE_STANDARD = "gnu++14";
				CLANG_CXX_LIBRARY = "libc++";
				CLANG_ENABLE_MODULES = YES;
				CLANG_ENABLE_OBJC_ARC = YES;
				CLANG_ENABLE_OBJC_WEAK = YES;
				CLANG_WARN_BLOCK_CAPTURE_AUTORELEASING = YES;
				CLANG_WARN_BOOL_CONVERSION = YES;
				CLANG_WARN_COMMA = YES;
				CLANG_WARN_CONSTANT_CONVERSION = YES;
				CLANG_WARN_DEPRECATED_OBJC_IMPLEMENTATIONS = YES;
				CLANG_WARN_DIRECT_OBJC_ISA_USAGE = YES_ERROR;
				CLANG_WARN_DOCUMENTATION_COMMENTS = YES;
				CLANG_WARN_EMPTY_BODY = YES;
				CLANG_WARN_ENUM_CONVERSION = YES;
				CLANG_WARN_INFINITE_RECURSION = YES;
				CLANG_WARN_INT_CONVERSION = YES;
				CLANG_WARN_NON_LITERAL_NULL_CONVERSION = YES;
				CLANG_WARN_OBJC_IMPLICIT_RETAIN_SELF = YES;
				CLANG_WARN_OBJC_LITERAL_CONVERSION = YES;
				CLANG_WARN_OBJC_ROOT_CLASS = YES_ERROR;
				CLANG_WARN_QUOTED_INCLUDE_IN_FRAMEWORK_HEADER = YES;
				CLANG_WARN_RANGE_LOOP_ANALYSIS = YES;
				CLANG_WARN_STRICT_PROTOTYPES = YES;
				CLANG_WARN_SUSPICIOUS_MOVE = YES;
				CLANG_WARN_UNGUARDED_AVAILABILITY = YES_AGGRESSIVE;
				CLANG_WARN_UNREACHABLE_CODE = YES;
				CLANG_WARN__DUPLICATE_METHOD_MATCH = YES;
				COPY_PHASE_STRIP = NO;
				DEBUG_INFORMATION_FORMAT = dwarf;
				ENABLE_STRICT_OBJC_MSGSEND = YES;
				ENABLE_TESTABILITY = YES;
				GCC_C_LANGUAGE_STANDARD = gnu11;
				GCC_DYNAMIC_NO_PIC = NO;
				GCC_NO_COMMON_BLOCKS = YES;
				GCC_OPTIMIZATION_LEVEL = 0;
				GCC_PREPROCESSOR_DEFINITIONS = (
					"DEBUG=1",
					"$(inherited)",
				);
				GCC_WARN_64_TO_32_BIT_CONVERSION = YES;
				GCC_WARN_ABOUT_RETURN_TYPE = YES_ERROR;
				GCC_WARN_UNDECLARED_SELECTOR = YES;
				GCC_WARN_UNINITIALIZED_AUTOS = YES_AGGRESSIVE;
				GCC_WARN_UNUSED_FUNCTION = YES;
				GCC_WARN_UNUSED_VARIABLE = YES;
				IPHONEOS_DEPLOYMENT_TARGET = 10.0;
				MTL_ENABLE_DEBUG_INFO = INCLUDE_SOURCE;
				MTL_FAST_MATH = YES;
				ONLY_ACTIVE_ARCH = YES;
				SDKROOT = iphoneos;
				SWIFT_ACTIVE_COMPILATION_CONDITIONS = DEBUG;
				SWIFT_OPTIMIZATION_LEVEL = "-Onone";
			};
			name = Debug;
		};
		EF7619DB267225F300357D23 /* Release */ = {
			isa = XCBuildConfiguration;
			buildSettings = {
				ALWAYS_SEARCH_USER_PATHS = NO;
				CLANG_ANALYZER_NONNULL = YES;
				CLANG_ANALYZER_NUMBER_OBJECT_CONVERSION = YES_AGGRESSIVE;
				CLANG_CXX_LANGUAGE_STANDARD = "gnu++14";
				CLANG_CXX_LIBRARY = "libc++";
				CLANG_ENABLE_MODULES = YES;
				CLANG_ENABLE_OBJC_ARC = YES;
				CLANG_ENABLE_OBJC_WEAK = YES;
				CLANG_WARN_BLOCK_CAPTURE_AUTORELEASING = YES;
				CLANG_WARN_BOOL_CONVERSION = YES;
				CLANG_WARN_COMMA = YES;
				CLANG_WARN_CONSTANT_CONVERSION = YES;
				CLANG_WARN_DEPRECATED_OBJC_IMPLEMENTATIONS = YES;
				CLANG_WARN_DIRECT_OBJC_ISA_USAGE = YES_ERROR;
				CLANG_WARN_DOCUMENTATION_COMMENTS = YES;
				CLANG_WARN_EMPTY_BODY = YES;
				CLANG_WARN_ENUM_CONVERSION = YES;
				CLANG_WARN_INFINITE_RECURSION = YES;
				CLANG_WARN_INT_CONVERSION = YES;
				CLANG_WARN_NON_LITERAL_NULL_CONVERSION = YES;
				CLANG_WARN_OBJC_IMPLICIT_RETAIN_SELF = YES;
				CLANG_WARN_OBJC_LITERAL_CONVERSION = YES;
				CLANG_WARN_OBJC_ROOT_CLASS = YES_ERROR;
				CLANG_WARN_QUOTED_INCLUDE_IN_FRAMEWORK_HEADER = YES;
				CLANG_WARN_RANGE_LOOP_ANALYSIS = YES;
				CLANG_WARN_STRICT_PROTOTYPES = YES;
				CLANG_WARN_SUSPICIOUS_MOVE = YES;
				CLANG_WARN_UNGUARDED_AVAILABILITY = YES_AGGRESSIVE;
				CLANG_WARN_UNREACHABLE_CODE = YES;
				CLANG_WARN__DUPLICATE_METHOD_MATCH = YES;
				COPY_PHASE_STRIP = NO;
				DEBUG_INFORMATION_FORMAT = "dwarf-with-dsym";
				ENABLE_NS_ASSERTIONS = NO;
				ENABLE_STRICT_OBJC_MSGSEND = YES;
				GCC_C_LANGUAGE_STANDARD = gnu11;
				GCC_NO_COMMON_BLOCKS = YES;
				GCC_WARN_64_TO_32_BIT_CONVERSION = YES;
				GCC_WARN_ABOUT_RETURN_TYPE = YES_ERROR;
				GCC_WARN_UNDECLARED_SELECTOR = YES;
				GCC_WARN_UNINITIALIZED_AUTOS = YES_AGGRESSIVE;
				GCC_WARN_UNUSED_FUNCTION = YES;
				GCC_WARN_UNUSED_VARIABLE = YES;
				IPHONEOS_DEPLOYMENT_TARGET = 10.0;
				MTL_ENABLE_DEBUG_INFO = NO;
				MTL_FAST_MATH = YES;
				SDKROOT = iphoneos;
				SWIFT_COMPILATION_MODE = wholemodule;
				SWIFT_OPTIMIZATION_LEVEL = "-O";
				VALIDATE_PRODUCT = YES;
			};
			name = Release;
		};
		EF7619DD267225F300357D23 /* Debug */ = {
			isa = XCBuildConfiguration;
			buildSettings = {
				ASSETCATALOG_COMPILER_APPICON_NAME = AppIcon;
				ASSETCATALOG_COMPILER_GLOBAL_ACCENT_COLOR_NAME = AccentColor;
				CODE_SIGN_STYLE = Automatic;
				DEVELOPMENT_TEAM = P6S43R948V;
				INFOPLIST_FILE = NotificationFacade/Info.plist;
				IPHONEOS_DEPLOYMENT_TARGET = 10.0;
				LD_RUNPATH_SEARCH_PATHS = (
					"$(inherited)",
					"@executable_path/Frameworks",
				);
				PRODUCT_BUNDLE_IDENTIFIER = com.vantientu.NotificationFacade;
				PRODUCT_NAME = "$(TARGET_NAME)";
				SWIFT_VERSION = 5.0;
				TARGETED_DEVICE_FAMILY = "1,2";
			};
			name = Debug;
		};
		EF7619DE267225F300357D23 /* Release */ = {
			isa = XCBuildConfiguration;
			buildSettings = {
				ASSETCATALOG_COMPILER_APPICON_NAME = AppIcon;
				ASSETCATALOG_COMPILER_GLOBAL_ACCENT_COLOR_NAME = AccentColor;
				CODE_SIGN_STYLE = Automatic;
				DEVELOPMENT_TEAM = P6S43R948V;
				INFOPLIST_FILE = NotificationFacade/Info.plist;
				IPHONEOS_DEPLOYMENT_TARGET = 10.0;
				LD_RUNPATH_SEARCH_PATHS = (
					"$(inherited)",
					"@executable_path/Frameworks",
				);
				PRODUCT_BUNDLE_IDENTIFIER = com.vantientu.NotificationFacade;
				PRODUCT_NAME = "$(TARGET_NAME)";
				SWIFT_VERSION = 5.0;
				TARGETED_DEVICE_FAMILY = "1,2";
			};
			name = Release;
		};
		EF7619E0267225F300357D23 /* Debug */ = {
			isa = XCBuildConfiguration;
			buildSettings = {
				ALWAYS_EMBED_SWIFT_STANDARD_LIBRARIES = YES;
				BUNDLE_LOADER = "$(TEST_HOST)";
				CODE_SIGN_STYLE = Automatic;
				DEVELOPMENT_TEAM = P6S43R948V;
				INFOPLIST_FILE = NotificationFacadeTests/Info.plist;
				IPHONEOS_DEPLOYMENT_TARGET = 14.4;
				LD_RUNPATH_SEARCH_PATHS = (
					"$(inherited)",
					"@executable_path/Frameworks",
					"@loader_path/Frameworks",
				);
				PRODUCT_BUNDLE_IDENTIFIER = com.vantientu.NotificationFacadeTests;
				PRODUCT_NAME = "$(TARGET_NAME)";
				SWIFT_VERSION = 5.0;
				TARGETED_DEVICE_FAMILY = "1,2";
				TEST_HOST = "$(BUILT_PRODUCTS_DIR)/NotificationFacade.app/NotificationFacade";
			};
			name = Debug;
		};
		EF7619E1267225F300357D23 /* Release */ = {
			isa = XCBuildConfiguration;
			buildSettings = {
				ALWAYS_EMBED_SWIFT_STANDARD_LIBRARIES = YES;
				BUNDLE_LOADER = "$(TEST_HOST)";
				CODE_SIGN_STYLE = Automatic;
				DEVELOPMENT_TEAM = P6S43R948V;
				INFOPLIST_FILE = NotificationFacadeTests/Info.plist;
				IPHONEOS_DEPLOYMENT_TARGET = 14.4;
				LD_RUNPATH_SEARCH_PATHS = (
					"$(inherited)",
					"@executable_path/Frameworks",
					"@loader_path/Frameworks",
				);
				PRODUCT_BUNDLE_IDENTIFIER = com.vantientu.NotificationFacadeTests;
				PRODUCT_NAME = "$(TARGET_NAME)";
				SWIFT_VERSION = 5.0;
				TARGETED_DEVICE_FAMILY = "1,2";
				TEST_HOST = "$(BUILT_PRODUCTS_DIR)/NotificationFacade.app/NotificationFacade";
			};
			name = Release;
		};
		EF7619E3267225F300357D23 /* Debug */ = {
			isa = XCBuildConfiguration;
			buildSettings = {
				ALWAYS_EMBED_SWIFT_STANDARD_LIBRARIES = YES;
				CODE_SIGN_STYLE = Automatic;
				DEVELOPMENT_TEAM = P6S43R948V;
				INFOPLIST_FILE = NotificationFacadeUITests/Info.plist;
				LD_RUNPATH_SEARCH_PATHS = (
					"$(inherited)",
					"@executable_path/Frameworks",
					"@loader_path/Frameworks",
				);
				PRODUCT_BUNDLE_IDENTIFIER = com.vantientu.NotificationFacadeUITests;
				PRODUCT_NAME = "$(TARGET_NAME)";
				SWIFT_VERSION = 5.0;
				TARGETED_DEVICE_FAMILY = "1,2";
				TEST_TARGET_NAME = NotificationFacade;
			};
			name = Debug;
		};
		EF7619E4267225F300357D23 /* Release */ = {
			isa = XCBuildConfiguration;
			buildSettings = {
				ALWAYS_EMBED_SWIFT_STANDARD_LIBRARIES = YES;
				CODE_SIGN_STYLE = Automatic;
				DEVELOPMENT_TEAM = P6S43R948V;
				INFOPLIST_FILE = NotificationFacadeUITests/Info.plist;
				LD_RUNPATH_SEARCH_PATHS = (
					"$(inherited)",
					"@executable_path/Frameworks",
					"@loader_path/Frameworks",
				);
				PRODUCT_BUNDLE_IDENTIFIER = com.vantientu.NotificationFacadeUITests;
				PRODUCT_NAME = "$(TARGET_NAME)";
				SWIFT_VERSION = 5.0;
				TARGETED_DEVICE_FAMILY = "1,2";
				TEST_TARGET_NAME = NotificationFacade;
			};
			name = Release;
		};
/* End XCBuildConfiguration section */

/* Begin XCConfigurationList section */
		EF7619AD267225EB00357D23 /* Build configuration list for PBXProject "NotificationFacade" */ = {
			isa = XCConfigurationList;
			buildConfigurations = (
				EF7619DA267225F300357D23 /* Debug */,
				EF7619DB267225F300357D23 /* Release */,
			);
			defaultConfigurationIsVisible = 0;
			defaultConfigurationName = Release;
		};
		EF7619DC267225F300357D23 /* Build configuration list for PBXNativeTarget "NotificationFacade" */ = {
			isa = XCConfigurationList;
			buildConfigurations = (
				EF7619DD267225F300357D23 /* Debug */,
				EF7619DE267225F300357D23 /* Release */,
			);
			defaultConfigurationIsVisible = 0;
			defaultConfigurationName = Release;
		};
		EF7619DF267225F300357D23 /* Build configuration list for PBXNativeTarget "NotificationFacadeTests" */ = {
			isa = XCConfigurationList;
			buildConfigurations = (
				EF7619E0267225F300357D23 /* Debug */,
				EF7619E1267225F300357D23 /* Release */,
			);
			defaultConfigurationIsVisible = 0;
			defaultConfigurationName = Release;
		};
		EF7619E2267225F300357D23 /* Build configuration list for PBXNativeTarget "NotificationFacadeUITests" */ = {
			isa = XCConfigurationList;
			buildConfigurations = (
				EF7619E3267225F300357D23 /* Debug */,
				EF7619E4267225F300357D23 /* Release */,
			);
			defaultConfigurationIsVisible = 0;
			defaultConfigurationName = Release;
		};
/* End XCConfigurationList section */
	};
	rootObject = EF7619AA267225EB00357D23 /* Project object */;
}
