// !$*UTF8*$!
{
	archiveVersion = 1;
	classes = {
	};
	objectVersion = 50;
	objects = {

/* Begin PBXBuildFile section */
		EFDB8735268589AF0064ACE4 /* AppDelegate.swift in Sources */ = {isa = PBXBuildFile; fileRef = EFDB8734268589AF0064ACE4 /* AppDelegate.swift */; };
		EFDB8739268589AF0064ACE4 /* ViewController.swift in Sources */ = {isa = PBXBuildFile; fileRef = EFDB8738268589AF0064ACE4 /* ViewController.swift */; };
		EFDB873C268589AF0064ACE4 /* Main.storyboard in Resources */ = {isa = PBXBuildFile; fileRef = EFDB873A268589AF0064ACE4 /* Main.storyboard */; };
		EFDB873E268589B40064ACE4 /* Assets.xcassets in Resources */ = {isa = PBXBuildFile; fileRef = EFDB873D268589B40064ACE4 /* Assets.xcassets */; };
		EFDB8741268589B40064ACE4 /* LaunchScreen.storyboard in Resources */ = {isa = PBXBuildFile; fileRef = EFDB873F268589B40064ACE4 /* LaunchScreen.storyboard */; };
		EFDB874C268589B40064ACE4 /* PermissionsTests.swift in Sources */ = {isa = PBXBuildFile; fileRef = EFDB874B268589B40064ACE4 /* PermissionsTests.swift */; };
		EFDB8757268589B40064ACE4 /* PermissionsUITests.swift in Sources */ = {isa = PBXBuildFile; fileRef = EFDB8756268589B40064ACE4 /* PermissionsUITests.swift */; };
		EFDB8766268589E10064ACE4 /* NotificationPermission.swift in Sources */ = {isa = PBXBuildFile; fileRef = EFDB8765268589E10064ACE4 /* NotificationPermission.swift */; };
		EFDB876B26859A7D0064ACE4 /* PhotoLibraryPermission.swift in Sources */ = {isa = PBXBuildFile; fileRef = EFDB876A26859A7D0064ACE4 /* PhotoLibraryPermission.swift */; };
		EFF6AF8A268EBEA4008802F2 /* BiometricAuthenticator.swift in Sources */ = {isa = PBXBuildFile; fileRef = EFF6AF89268EBEA4008802F2 /* BiometricAuthenticator.swift */; };
		EFF6AF92268EE604008802F2 /* NSObject+Ext.swift in Sources */ = {isa = PBXBuildFile; fileRef = EFF6AF91268EE604008802F2 /* NSObject+Ext.swift */; };
		EFF6AF94268EE61E008802F2 /* UIViewController+Ext.swift in Sources */ = {isa = PBXBuildFile; fileRef = EFF6AF93268EE61E008802F2 /* UIViewController+Ext.swift */; };
		EFF6AF96268EE62F008802F2 /* UIStoryboard+Ext.swift in Sources */ = {isa = PBXBuildFile; fileRef = EFF6AF95268EE62F008802F2 /* UIStoryboard+Ext.swift */; };
		EFF6AF9A268EE83F008802F2 /* UITabelView+Ext.swift in Sources */ = {isa = PBXBuildFile; fileRef = EFF6AF97268EE83E008802F2 /* UITabelView+Ext.swift */; };
		EFF6AF9B268EE83F008802F2 /* UITableViewCell+Ext.swift in Sources */ = {isa = PBXBuildFile; fileRef = EFF6AF98268EE83F008802F2 /* UITableViewCell+Ext.swift */; };
		EFF6AF9C268EE83F008802F2 /* UITableViewHeaderFooterView+Ext.swift in Sources */ = {isa = PBXBuildFile; fileRef = EFF6AF99268EE83F008802F2 /* UITableViewHeaderFooterView+Ext.swift */; };
		EFF6AF9F268EECA5008802F2 /* BiometricViewController.swift in Sources */ = {isa = PBXBuildFile; fileRef = EFF6AF9E268EECA5008802F2 /* BiometricViewController.swift */; };
/* End PBXBuildFile section */

/* Begin PBXContainerItemProxy section */
		EFDB8748268589B40064ACE4 /* PBXContainerItemProxy */ = {
			isa = PBXContainerItemProxy;
			containerPortal = EFDB8729268589AF0064ACE4 /* Project object */;
			proxyType = 1;
			remoteGlobalIDString = EFDB8730268589AF0064ACE4;
			remoteInfo = Permissions;
		};
		EFDB8753268589B40064ACE4 /* PBXContainerItemProxy */ = {
			isa = PBXContainerItemProxy;
			containerPortal = EFDB8729268589AF0064ACE4 /* Project object */;
			proxyType = 1;
			remoteGlobalIDString = EFDB8730268589AF0064ACE4;
			remoteInfo = Permissions;
		};
/* End PBXContainerItemProxy section */

/* Begin PBXFileReference section */
		EFDB8731268589AF0064ACE4 /* Permissions.app */ = {isa = PBXFileReference; explicitFileType = wrapper.application; includeInIndex = 0; path = Permissions.app; sourceTree = BUILT_PRODUCTS_DIR; };
		EFDB8734268589AF0064ACE4 /* AppDelegate.swift */ = {isa = PBXFileReference; lastKnownFileType = sourcecode.swift; path = AppDelegate.swift; sourceTree = "<group>"; };
		EFDB8738268589AF0064ACE4 /* ViewController.swift */ = {isa = PBXFileReference; lastKnownFileType = sourcecode.swift; path = ViewController.swift; sourceTree = "<group>"; };
		EFDB873B268589AF0064ACE4 /* Base */ = {isa = PBXFileReference; lastKnownFileType = file.storyboard; name = Base; path = Base.lproj/Main.storyboard; sourceTree = "<group>"; };
		EFDB873D268589B40064ACE4 /* Assets.xcassets */ = {isa = PBXFileReference; lastKnownFileType = folder.assetcatalog; path = Assets.xcassets; sourceTree = "<group>"; };
		EFDB8740268589B40064ACE4 /* Base */ = {isa = PBXFileReference; lastKnownFileType = file.storyboard; name = Base; path = Base.lproj/LaunchScreen.storyboard; sourceTree = "<group>"; };
		EFDB8742268589B40064ACE4 /* Info.plist */ = {isa = PBXFileReference; lastKnownFileType = text.plist.xml; path = Info.plist; sourceTree = "<group>"; };
		EFDB8747268589B40064ACE4 /* PermissionsTests.xctest */ = {isa = PBXFileReference; explicitFileType = wrapper.cfbundle; includeInIndex = 0; path = PermissionsTests.xctest; sourceTree = BUILT_PRODUCTS_DIR; };
		EFDB874B268589B40064ACE4 /* PermissionsTests.swift */ = {isa = PBXFileReference; lastKnownFileType = sourcecode.swift; path = PermissionsTests.swift; sourceTree = "<group>"; };
		EFDB874D268589B40064ACE4 /* Info.plist */ = {isa = PBXFileReference; lastKnownFileType = text.plist.xml; path = Info.plist; sourceTree = "<group>"; };
		EFDB8752268589B40064ACE4 /* PermissionsUITests.xctest */ = {isa = PBXFileReference; explicitFileType = wrapper.cfbundle; includeInIndex = 0; path = PermissionsUITests.xctest; sourceTree = BUILT_PRODUCTS_DIR; };
		EFDB8756268589B40064ACE4 /* PermissionsUITests.swift */ = {isa = PBXFileReference; lastKnownFileType = sourcecode.swift; path = PermissionsUITests.swift; sourceTree = "<group>"; };
		EFDB8758268589B40064ACE4 /* Info.plist */ = {isa = PBXFileReference; lastKnownFileType = text.plist.xml; path = Info.plist; sourceTree = "<group>"; };
		EFDB8765268589E10064ACE4 /* NotificationPermission.swift */ = {isa = PBXFileReference; fileEncoding = 4; lastKnownFileType = sourcecode.swift; path = NotificationPermission.swift; sourceTree = "<group>"; };
		EFDB876A26859A7D0064ACE4 /* PhotoLibraryPermission.swift */ = {isa = PBXFileReference; lastKnownFileType = sourcecode.swift; path = PhotoLibraryPermission.swift; sourceTree = "<group>"; };
		EFF6AF89268EBEA4008802F2 /* BiometricAuthenticator.swift */ = {isa = PBXFileReference; lastKnownFileType = sourcecode.swift; path = BiometricAuthenticator.swift; sourceTree = "<group>"; };
		EFF6AF91268EE604008802F2 /* NSObject+Ext.swift */ = {isa = PBXFileReference; fileEncoding = 4; lastKnownFileType = sourcecode.swift; path = "NSObject+Ext.swift"; sourceTree = "<group>"; };
		EFF6AF93268EE61E008802F2 /* UIViewController+Ext.swift */ = {isa = PBXFileReference; fileEncoding = 4; lastKnownFileType = sourcecode.swift; path = "UIViewController+Ext.swift"; sourceTree = "<group>"; };
		EFF6AF95268EE62F008802F2 /* UIStoryboard+Ext.swift */ = {isa = PBXFileReference; fileEncoding = 4; lastKnownFileType = sourcecode.swift; path = "UIStoryboard+Ext.swift"; sourceTree = "<group>"; };
		EFF6AF97268EE83E008802F2 /* UITabelView+Ext.swift */ = {isa = PBXFileReference; fileEncoding = 4; lastKnownFileType = sourcecode.swift; path = "UITabelView+Ext.swift"; sourceTree = "<group>"; };
		EFF6AF98268EE83F008802F2 /* UITableViewCell+Ext.swift */ = {isa = PBXFileReference; fileEncoding = 4; lastKnownFileType = sourcecode.swift; path = "UITableViewCell+Ext.swift"; sourceTree = "<group>"; };
		EFF6AF99268EE83F008802F2 /* UITableViewHeaderFooterView+Ext.swift */ = {isa = PBXFileReference; fileEncoding = 4; lastKnownFileType = sourcecode.swift; path = "UITableViewHeaderFooterView+Ext.swift"; sourceTree = "<group>"; };
		EFF6AF9E268EECA5008802F2 /* BiometricViewController.swift */ = {isa = PBXFileReference; lastKnownFileType = sourcecode.swift; path = BiometricViewController.swift; sourceTree = "<group>"; };
/* End PBXFileReference section */

/* Begin PBXFrameworksBuildPhase section */
		EFDB872E268589AF0064ACE4 /* Frameworks */ = {
			isa = PBXFrameworksBuildPhase;
			buildActionMask = 2147483647;
			files = (
			);
			runOnlyForDeploymentPostprocessing = 0;
		};
		EFDB8744268589B40064ACE4 /* Frameworks */ = {
			isa = PBXFrameworksBuildPhase;
			buildActionMask = 2147483647;
			files = (
			);
			runOnlyForDeploymentPostprocessing = 0;
		};
		EFDB874F268589B40064ACE4 /* Frameworks */ = {
			isa = PBXFrameworksBuildPhase;
			buildActionMask = 2147483647;
			files = (
			);
			runOnlyForDeploymentPostprocessing = 0;
		};
/* End PBXFrameworksBuildPhase section */

/* Begin PBXGroup section */
		EFDB8728268589AE0064ACE4 = {
			isa = PBXGroup;
			children = (
				EFDB8733268589AF0064ACE4 /* Permissions */,
				EFDB874A268589B40064ACE4 /* PermissionsTests */,
				EFDB8755268589B40064ACE4 /* PermissionsUITests */,
				EFDB8732268589AF0064ACE4 /* Products */,
			);
			sourceTree = "<group>";
		};
		EFDB8732268589AF0064ACE4 /* Products */ = {
			isa = PBXGroup;
			children = (
				EFDB8731268589AF0064ACE4 /* Permissions.app */,
				EFDB8747268589B40064ACE4 /* PermissionsTests.xctest */,
				EFDB8752268589B40064ACE4 /* PermissionsUITests.xctest */,
			);
			name = Products;
			sourceTree = "<group>";
		};
		EFDB8733268589AF0064ACE4 /* Permissions */ = {
			isa = PBXGroup;
			children = (
				EFF6AF90268EE5F6008802F2 /* Extensions */,
				EFF6AF7D268C7A31008802F2 /* Sources */,
				EFDB8734268589AF0064ACE4 /* AppDelegate.swift */,
				EFDB8738268589AF0064ACE4 /* ViewController.swift */,
				EFF6AF9E268EECA5008802F2 /* BiometricViewController.swift */,
				EFDB873A268589AF0064ACE4 /* Main.storyboard */,
				EFDB873D268589B40064ACE4 /* Assets.xcassets */,
				EFDB873F268589B40064ACE4 /* LaunchScreen.storyboard */,
				EFDB8742268589B40064ACE4 /* Info.plist */,
			);
			path = Permissions;
			sourceTree = "<group>";
		};
		EFDB874A268589B40064ACE4 /* PermissionsTests */ = {
			isa = PBXGroup;
			children = (
				EFDB874B268589B40064ACE4 /* PermissionsTests.swift */,
				EFDB874D268589B40064ACE4 /* Info.plist */,
			);
			path = PermissionsTests;
			sourceTree = "<group>";
		};
		EFDB8755268589B40064ACE4 /* PermissionsUITests */ = {
			isa = PBXGroup;
			children = (
				EFDB8756268589B40064ACE4 /* PermissionsUITests.swift */,
				EFDB8758268589B40064ACE4 /* Info.plist */,
			);
			path = PermissionsUITests;
			sourceTree = "<group>";
		};
		EFDB8764268589E10064ACE4 /* Notification */ = {
			isa = PBXGroup;
			children = (
				EFDB8765268589E10064ACE4 /* NotificationPermission.swift */,
			);
			path = Notification;
			sourceTree = "<group>";
		};
		EFDB8769268597720064ACE4 /* PhotoLibrary */ = {
			isa = PBXGroup;
			children = (
				EFDB876A26859A7D0064ACE4 /* PhotoLibraryPermission.swift */,
			);
			path = PhotoLibrary;
			sourceTree = "<group>";
		};
		EFF6AF7D268C7A31008802F2 /* Sources */ = {
			isa = PBXGroup;
			children = (
				EFF6AF88268EBD74008802F2 /* Biometric */,
				EFDB8769268597720064ACE4 /* PhotoLibrary */,
				EFDB8764268589E10064ACE4 /* Notification */,
			);
			path = Sources;
			sourceTree = "<group>";
		};
		EFF6AF88268EBD74008802F2 /* Biometric */ = {
			isa = PBXGroup;
			children = (
				EFF6AF89268EBEA4008802F2 /* BiometricAuthenticator.swift */,
			);
			path = Biometric;
			sourceTree = "<group>";
		};
		EFF6AF90268EE5F6008802F2 /* Extensions */ = {
			isa = PBXGroup;
			children = (
				EFF6AF91268EE604008802F2 /* NSObject+Ext.swift */,
				EFF6AF93268EE61E008802F2 /* UIViewController+Ext.swift */,
				EFF6AF95268EE62F008802F2 /* UIStoryboard+Ext.swift */,
				EFF6AF97268EE83E008802F2 /* UITabelView+Ext.swift */,
				EFF6AF98268EE83F008802F2 /* UITableViewCell+Ext.swift */,
				EFF6AF99268EE83F008802F2 /* UITableViewHeaderFooterView+Ext.swift */,
			);
			path = Extensions;
			sourceTree = "<group>";
		};
/* End PBXGroup section */

/* Begin PBXNativeTarget section */
		EFDB8730268589AF0064ACE4 /* Permissions */ = {
			isa = PBXNativeTarget;
			buildConfigurationList = EFDB875B268589B40064ACE4 /* Build configuration list for PBXNativeTarget "Permissions" */;
			buildPhases = (
				EFDB872D268589AF0064ACE4 /* Sources */,
				EFDB872E268589AF0064ACE4 /* Frameworks */,
				EFDB872F268589AF0064ACE4 /* Resources */,
			);
			buildRules = (
			);
			dependencies = (
			);
			name = Permissions;
			productName = Permissions;
			productReference = EFDB8731268589AF0064ACE4 /* Permissions.app */;
			productType = "com.apple.product-type.application";
		};
		EFDB8746268589B40064ACE4 /* PermissionsTests */ = {
			isa = PBXNativeTarget;
			buildConfigurationList = EFDB875E268589B40064ACE4 /* Build configuration list for PBXNativeTarget "PermissionsTests" */;
			buildPhases = (
				EFDB8743268589B40064ACE4 /* Sources */,
				EFDB8744268589B40064ACE4 /* Frameworks */,
				EFDB8745268589B40064ACE4 /* Resources */,
			);
			buildRules = (
			);
			dependencies = (
				EFDB8749268589B40064ACE4 /* PBXTargetDependency */,
			);
			name = PermissionsTests;
			productName = PermissionsTests;
			productReference = EFDB8747268589B40064ACE4 /* PermissionsTests.xctest */;
			productType = "com.apple.product-type.bundle.unit-test";
		};
		EFDB8751268589B40064ACE4 /* PermissionsUITests */ = {
			isa = PBXNativeTarget;
			buildConfigurationList = EFDB8761268589B40064ACE4 /* Build configuration list for PBXNativeTarget "PermissionsUITests" */;
			buildPhases = (
				EFDB874E268589B40064ACE4 /* Sources */,
				EFDB874F268589B40064ACE4 /* Frameworks */,
				EFDB8750268589B40064ACE4 /* Resources */,
			);
			buildRules = (
			);
			dependencies = (
				EFDB8754268589B40064ACE4 /* PBXTargetDependency */,
			);
			name = PermissionsUITests;
			productName = PermissionsUITests;
			productReference = EFDB8752268589B40064ACE4 /* PermissionsUITests.xctest */;
			productType = "com.apple.product-type.bundle.ui-testing";
		};
/* End PBXNativeTarget section */

/* Begin PBXProject section */
		EFDB8729268589AF0064ACE4 /* Project object */ = {
			isa = PBXProject;
			attributes = {
				LastSwiftUpdateCheck = 1250;
				LastUpgradeCheck = 1250;
				TargetAttributes = {
					EFDB8730268589AF0064ACE4 = {
						CreatedOnToolsVersion = 12.5;
					};
					EFDB8746268589B40064ACE4 = {
						CreatedOnToolsVersion = 12.5;
						TestTargetID = EFDB8730268589AF0064ACE4;
					};
					EFDB8751268589B40064ACE4 = {
						CreatedOnToolsVersion = 12.5;
						TestTargetID = EFDB8730268589AF0064ACE4;
					};
				};
			};
			buildConfigurationList = EFDB872C268589AF0064ACE4 /* Build configuration list for PBXProject "Permissions" */;
			compatibilityVersion = "Xcode 9.3";
			developmentRegion = en;
			hasScannedForEncodings = 0;
			knownRegions = (
				en,
				Base,
			);
			mainGroup = EFDB8728268589AE0064ACE4;
			productRefGroup = EFDB8732268589AF0064ACE4 /* Products */;
			projectDirPath = "";
			projectRoot = "";
			targets = (
				EFDB8730268589AF0064ACE4 /* Permissions */,
				EFDB8746268589B40064ACE4 /* PermissionsTests */,
				EFDB8751268589B40064ACE4 /* PermissionsUITests */,
			);
		};
/* End PBXProject section */

/* Begin PBXResourcesBuildPhase section */
		EFDB872F268589AF0064ACE4 /* Resources */ = {
			isa = PBXResourcesBuildPhase;
			buildActionMask = 2147483647;
			files = (
				EFDB8741268589B40064ACE4 /* LaunchScreen.storyboard in Resources */,
				EFDB873E268589B40064ACE4 /* Assets.xcassets in Resources */,
				EFDB873C268589AF0064ACE4 /* Main.storyboard in Resources */,
			);
			runOnlyForDeploymentPostprocessing = 0;
		};
		EFDB8745268589B40064ACE4 /* Resources */ = {
			isa = PBXResourcesBuildPhase;
			buildActionMask = 2147483647;
			files = (
			);
			runOnlyForDeploymentPostprocessing = 0;
		};
		EFDB8750268589B40064ACE4 /* Resources */ = {
			isa = PBXResourcesBuildPhase;
			buildActionMask = 2147483647;
			files = (
			);
			runOnlyForDeploymentPostprocessing = 0;
		};
/* End PBXResourcesBuildPhase section */

/* Begin PBXSourcesBuildPhase section */
		EFDB872D268589AF0064ACE4 /* Sources */ = {
			isa = PBXSourcesBuildPhase;
			buildActionMask = 2147483647;
			files = (
				EFDB8739268589AF0064ACE4 /* ViewController.swift in Sources */,
				EFF6AF9C268EE83F008802F2 /* UITableViewHeaderFooterView+Ext.swift in Sources */,
				EFDB8735268589AF0064ACE4 /* AppDelegate.swift in Sources */,
				EFF6AF94268EE61E008802F2 /* UIViewController+Ext.swift in Sources */,
				EFDB8766268589E10064ACE4 /* NotificationPermission.swift in Sources */,
				EFF6AF96268EE62F008802F2 /* UIStoryboard+Ext.swift in Sources */,
				EFF6AF9B268EE83F008802F2 /* UITableViewCell+Ext.swift in Sources */,
				EFDB876B26859A7D0064ACE4 /* PhotoLibraryPermission.swift in Sources */,
				EFF6AF8A268EBEA4008802F2 /* BiometricAuthenticator.swift in Sources */,
				EFF6AF9F268EECA5008802F2 /* BiometricViewController.swift in Sources */,
				EFF6AF92268EE604008802F2 /* NSObject+Ext.swift in Sources */,
				EFF6AF9A268EE83F008802F2 /* UITabelView+Ext.swift in Sources */,
			);
			runOnlyForDeploymentPostprocessing = 0;
		};
		EFDB8743268589B40064ACE4 /* Sources */ = {
			isa = PBXSourcesBuildPhase;
			buildActionMask = 2147483647;
			files = (
				EFDB874C268589B40064ACE4 /* PermissionsTests.swift in Sources */,
			);
			runOnlyForDeploymentPostprocessing = 0;
		};
		EFDB874E268589B40064ACE4 /* Sources */ = {
			isa = PBXSourcesBuildPhase;
			buildActionMask = 2147483647;
			files = (
				EFDB8757268589B40064ACE4 /* PermissionsUITests.swift in Sources */,
			);
			runOnlyForDeploymentPostprocessing = 0;
		};
/* End PBXSourcesBuildPhase section */

/* Begin PBXTargetDependency section */
		EFDB8749268589B40064ACE4 /* PBXTargetDependency */ = {
			isa = PBXTargetDependency;
			target = EFDB8730268589AF0064ACE4 /* Permissions */;
			targetProxy = EFDB8748268589B40064ACE4 /* PBXContainerItemProxy */;
		};
		EFDB8754268589B40064ACE4 /* PBXTargetDependency */ = {
			isa = PBXTargetDependency;
			target = EFDB8730268589AF0064ACE4 /* Permissions */;
			targetProxy = EFDB8753268589B40064ACE4 /* PBXContainerItemProxy */;
		};
/* End PBXTargetDependency section */

/* Begin PBXVariantGroup section */
		EFDB873A268589AF0064ACE4 /* Main.storyboard */ = {
			isa = PBXVariantGroup;
			children = (
				EFDB873B268589AF0064ACE4 /* Base */,
			);
			name = Main.storyboard;
			sourceTree = "<group>";
		};
		EFDB873F268589B40064ACE4 /* LaunchScreen.storyboard */ = {
			isa = PBXVariantGroup;
			children = (
				EFDB8740268589B40064ACE4 /* Base */,
			);
			name = LaunchScreen.storyboard;
			sourceTree = "<group>";
		};
/* End PBXVariantGroup section */

/* Begin XCBuildConfiguration section */
		EFDB8759268589B40064ACE4 /* Debug */ = {
			isa = XCBuildConfiguration;
			buildSettings = {
				ALWAYS_SEARCH_USER_PATHS = NO;
				CLANG_ANALYZER_NONNULL = YES;
				CLANG_ANALYZER_NUMBER_OBJECT_CONVERSION = YES_AGGRESSIVE;
				CLANG_CXX_LANGUAGE_STANDARD = "gnu++14";
				CLANG_CXX_LIBRARY = "libc++";
				CLANG_ENABLE_MODULES = YES;
				CLANG_ENABLE_OBJC_ARC = YES;
				CLANG_ENABLE_OBJC_WEAK = YES;
				CLANG_WARN_BLOCK_CAPTURE_AUTORELEASING = YES;
				CLANG_WARN_BOOL_CONVERSION = YES;
				CLANG_WARN_COMMA = YES;
				CLANG_WARN_CONSTANT_CONVERSION = YES;
				CLANG_WARN_DEPRECATED_OBJC_IMPLEMENTATIONS = YES;
				CLANG_WARN_DIRECT_OBJC_ISA_USAGE = YES_ERROR;
				CLANG_WARN_DOCUMENTATION_COMMENTS = YES;
				CLANG_WARN_EMPTY_BODY = YES;
				CLANG_WARN_ENUM_CONVERSION = YES;
				CLANG_WARN_INFINITE_RECURSION = YES;
				CLANG_WARN_INT_CONVERSION = YES;
				CLANG_WARN_NON_LITERAL_NULL_CONVERSION = YES;
				CLANG_WARN_OBJC_IMPLICIT_RETAIN_SELF = YES;
				CLANG_WARN_OBJC_LITERAL_CONVERSION = YES;
				CLANG_WARN_OBJC_ROOT_CLASS = YES_ERROR;
				CLANG_WARN_QUOTED_INCLUDE_IN_FRAMEWORK_HEADER = YES;
				CLANG_WARN_RANGE_LOOP_ANALYSIS = YES;
				CLANG_WARN_STRICT_PROTOTYPES = YES;
				CLANG_WARN_SUSPICIOUS_MOVE = YES;
				CLANG_WARN_UNGUARDED_AVAILABILITY = YES_AGGRESSIVE;
				CLANG_WARN_UNREACHABLE_CODE = YES;
				CLANG_WARN__DUPLICATE_METHOD_MATCH = YES;
				COPY_PHASE_STRIP = NO;
				DEBUG_INFORMATION_FORMAT = dwarf;
				ENABLE_STRICT_OBJC_MSGSEND = YES;
				ENABLE_TESTABILITY = YES;
				GCC_C_LANGUAGE_STANDARD = gnu11;
				GCC_DYNAMIC_NO_PIC = NO;
				GCC_NO_COMMON_BLOCKS = YES;
				GCC_OPTIMIZATION_LEVEL = 0;
				GCC_PREPROCESSOR_DEFINITIONS = (
					"DEBUG=1",
					"$(inherited)",
				);
				GCC_WARN_64_TO_32_BIT_CONVERSION = YES;
				GCC_WARN_ABOUT_RETURN_TYPE = YES_ERROR;
				GCC_WARN_UNDECLARED_SELECTOR = YES;
				GCC_WARN_UNINITIALIZED_AUTOS = YES_AGGRESSIVE;
				GCC_WARN_UNUSED_FUNCTION = YES;
				GCC_WARN_UNUSED_VARIABLE = YES;
				IPHONEOS_DEPLOYMENT_TARGET = 10.0;
				MTL_ENABLE_DEBUG_INFO = INCLUDE_SOURCE;
				MTL_FAST_MATH = YES;
				ONLY_ACTIVE_ARCH = YES;
				SDKROOT = iphoneos;
				SWIFT_ACTIVE_COMPILATION_CONDITIONS = DEBUG;
				SWIFT_OPTIMIZATION_LEVEL = "-Onone";
			};
			name = Debug;
		};
		EFDB875A268589B40064ACE4 /* Release */ = {
			isa = XCBuildConfiguration;
			buildSettings = {
				ALWAYS_SEARCH_USER_PATHS = NO;
				CLANG_ANALYZER_NONNULL = YES;
				CLANG_ANALYZER_NUMBER_OBJECT_CONVERSION = YES_AGGRESSIVE;
				CLANG_CXX_LANGUAGE_STANDARD = "gnu++14";
				CLANG_CXX_LIBRARY = "libc++";
				CLANG_ENABLE_MODULES = YES;
				CLANG_ENABLE_OBJC_ARC = YES;
				CLANG_ENABLE_OBJC_WEAK = YES;
				CLANG_WARN_BLOCK_CAPTURE_AUTORELEASING = YES;
				CLANG_WARN_BOOL_CONVERSION = YES;
				CLANG_WARN_COMMA = YES;
				CLANG_WARN_CONSTANT_CONVERSION = YES;
				CLANG_WARN_DEPRECATED_OBJC_IMPLEMENTATIONS = YES;
				CLANG_WARN_DIRECT_OBJC_ISA_USAGE = YES_ERROR;
				CLANG_WARN_DOCUMENTATION_COMMENTS = YES;
				CLANG_WARN_EMPTY_BODY = YES;
				CLANG_WARN_ENUM_CONVERSION = YES;
				CLANG_WARN_INFINITE_RECURSION = YES;
				CLANG_WARN_INT_CONVERSION = YES;
				CLANG_WARN_NON_LITERAL_NULL_CONVERSION = YES;
				CLANG_WARN_OBJC_IMPLICIT_RETAIN_SELF = YES;
				CLANG_WARN_OBJC_LITERAL_CONVERSION = YES;
				CLANG_WARN_OBJC_ROOT_CLASS = YES_ERROR;
				CLANG_WARN_QUOTED_INCLUDE_IN_FRAMEWORK_HEADER = YES;
				CLANG_WARN_RANGE_LOOP_ANALYSIS = YES;
				CLANG_WARN_STRICT_PROTOTYPES = YES;
				CLANG_WARN_SUSPICIOUS_MOVE = YES;
				CLANG_WARN_UNGUARDED_AVAILABILITY = YES_AGGRESSIVE;
				CLANG_WARN_UNREACHABLE_CODE = YES;
				CLANG_WARN__DUPLICATE_METHOD_MATCH = YES;
				COPY_PHASE_STRIP = NO;
				DEBUG_INFORMATION_FORMAT = "dwarf-with-dsym";
				ENABLE_NS_ASSERTIONS = NO;
				ENABLE_STRICT_OBJC_MSGSEND = YES;
				GCC_C_LANGUAGE_STANDARD = gnu11;
				GCC_NO_COMMON_BLOCKS = YES;
				GCC_WARN_64_TO_32_BIT_CONVERSION = YES;
				GCC_WARN_ABOUT_RETURN_TYPE = YES_ERROR;
				GCC_WARN_UNDECLARED_SELECTOR = YES;
				GCC_WARN_UNINITIALIZED_AUTOS = YES_AGGRESSIVE;
				GCC_WARN_UNUSED_FUNCTION = YES;
				GCC_WARN_UNUSED_VARIABLE = YES;
				IPHONEOS_DEPLOYMENT_TARGET = 10.0;
				MTL_ENABLE_DEBUG_INFO = NO;
				MTL_FAST_MATH = YES;
				SDKROOT = iphoneos;
				SWIFT_COMPILATION_MODE = wholemodule;
				SWIFT_OPTIMIZATION_LEVEL = "-O";
				VALIDATE_PRODUCT = YES;
			};
			name = Release;
		};
		EFDB875C268589B40064ACE4 /* Debug */ = {
			isa = XCBuildConfiguration;
			buildSettings = {
				ASSETCATALOG_COMPILER_APPICON_NAME = AppIcon;
				ASSETCATALOG_COMPILER_GLOBAL_ACCENT_COLOR_NAME = AccentColor;
				CODE_SIGN_STYLE = Automatic;
				DEVELOPMENT_TEAM = P6S43R948V;
				INFOPLIST_FILE = Permissions/Info.plist;
				IPHONEOS_DEPLOYMENT_TARGET = 10.0;
				LD_RUNPATH_SEARCH_PATHS = (
					"$(inherited)",
					"@executable_path/Frameworks",
				);
				PRODUCT_BUNDLE_IDENTIFIER = com.vantientu.Permissions;
				PRODUCT_NAME = "$(TARGET_NAME)";
				SWIFT_VERSION = 5.0;
				TARGETED_DEVICE_FAMILY = "1,2";
			};
			name = Debug;
		};
		EFDB875D268589B40064ACE4 /* Release */ = {
			isa = XCBuildConfiguration;
			buildSettings = {
				ASSETCATALOG_COMPILER_APPICON_NAME = AppIcon;
				ASSETCATALOG_COMPILER_GLOBAL_ACCENT_COLOR_NAME = AccentColor;
				CODE_SIGN_STYLE = Automatic;
				DEVELOPMENT_TEAM = P6S43R948V;
				INFOPLIST_FILE = Permissions/Info.plist;
				IPHONEOS_DEPLOYMENT_TARGET = 10.0;
				LD_RUNPATH_SEARCH_PATHS = (
					"$(inherited)",
					"@executable_path/Frameworks",
				);
				PRODUCT_BUNDLE_IDENTIFIER = com.vantientu.Permissions;
				PRODUCT_NAME = "$(TARGET_NAME)";
				SWIFT_VERSION = 5.0;
				TARGETED_DEVICE_FAMILY = "1,2";
			};
			name = Release;
		};
		EFDB875F268589B40064ACE4 /* Debug */ = {
			isa = XCBuildConfiguration;
			buildSettings = {
				ALWAYS_EMBED_SWIFT_STANDARD_LIBRARIES = YES;
				BUNDLE_LOADER = "$(TEST_HOST)";
				CODE_SIGN_STYLE = Automatic;
				DEVELOPMENT_TEAM = P6S43R948V;
				INFOPLIST_FILE = PermissionsTests/Info.plist;
				IPHONEOS_DEPLOYMENT_TARGET = 14.5;
				LD_RUNPATH_SEARCH_PATHS = (
					"$(inherited)",
					"@executable_path/Frameworks",
					"@loader_path/Frameworks",
				);
				PRODUCT_BUNDLE_IDENTIFIER = com.vantientu.PermissionsTests;
				PRODUCT_NAME = "$(TARGET_NAME)";
				SWIFT_VERSION = 5.0;
				TARGETED_DEVICE_FAMILY = "1,2";
				TEST_HOST = "$(BUILT_PRODUCTS_DIR)/Permissions.app/Permissions";
			};
			name = Debug;
		};
		EFDB8760268589B40064ACE4 /* Release */ = {
			isa = XCBuildConfiguration;
			buildSettings = {
				ALWAYS_EMBED_SWIFT_STANDARD_LIBRARIES = YES;
				BUNDLE_LOADER = "$(TEST_HOST)";
				CODE_SIGN_STYLE = Automatic;
				DEVELOPMENT_TEAM = P6S43R948V;
				INFOPLIST_FILE = PermissionsTests/Info.plist;
				IPHONEOS_DEPLOYMENT_TARGET = 14.5;
				LD_RUNPATH_SEARCH_PATHS = (
					"$(inherited)",
					"@executable_path/Frameworks",
					"@loader_path/Frameworks",
				);
				PRODUCT_BUNDLE_IDENTIFIER = com.vantientu.PermissionsTests;
				PRODUCT_NAME = "$(TARGET_NAME)";
				SWIFT_VERSION = 5.0;
				TARGETED_DEVICE_FAMILY = "1,2";
				TEST_HOST = "$(BUILT_PRODUCTS_DIR)/Permissions.app/Permissions";
			};
			name = Release;
		};
		EFDB8762268589B40064ACE4 /* Debug */ = {
			isa = XCBuildConfiguration;
			buildSettings = {
				ALWAYS_EMBED_SWIFT_STANDARD_LIBRARIES = YES;
				CODE_SIGN_STYLE = Automatic;
				DEVELOPMENT_TEAM = P6S43R948V;
				INFOPLIST_FILE = PermissionsUITests/Info.plist;
				LD_RUNPATH_SEARCH_PATHS = (
					"$(inherited)",
					"@executable_path/Frameworks",
					"@loader_path/Frameworks",
				);
				PRODUCT_BUNDLE_IDENTIFIER = com.vantientu.PermissionsUITests;
				PRODUCT_NAME = "$(TARGET_NAME)";
				SWIFT_VERSION = 5.0;
				TARGETED_DEVICE_FAMILY = "1,2";
				TEST_TARGET_NAME = Permissions;
			};
			name = Debug;
		};
		EFDB8763268589B40064ACE4 /* Release */ = {
			isa = XCBuildConfiguration;
			buildSettings = {
				ALWAYS_EMBED_SWIFT_STANDARD_LIBRARIES = YES;
				CODE_SIGN_STYLE = Automatic;
				DEVELOPMENT_TEAM = P6S43R948V;
				INFOPLIST_FILE = PermissionsUITests/Info.plist;
				LD_RUNPATH_SEARCH_PATHS = (
					"$(inherited)",
					"@executable_path/Frameworks",
					"@loader_path/Frameworks",
				);
				PRODUCT_BUNDLE_IDENTIFIER = com.vantientu.PermissionsUITests;
				PRODUCT_NAME = "$(TARGET_NAME)";
				SWIFT_VERSION = 5.0;
				TARGETED_DEVICE_FAMILY = "1,2";
				TEST_TARGET_NAME = Permissions;
			};
			name = Release;
		};
/* End XCBuildConfiguration section */

/* Begin XCConfigurationList section */
		EFDB872C268589AF0064ACE4 /* Build configuration list for PBXProject "Permissions" */ = {
			isa = XCConfigurationList;
			buildConfigurations = (
				EFDB8759268589B40064ACE4 /* Debug */,
				EFDB875A268589B40064ACE4 /* Release */,
			);
			defaultConfigurationIsVisible = 0;
			defaultConfigurationName = Release;
		};
		EFDB875B268589B40064ACE4 /* Build configuration list for PBXNativeTarget "Permissions" */ = {
			isa = XCConfigurationList;
			buildConfigurations = (
				EFDB875C268589B40064ACE4 /* Debug */,
				EFDB875D268589B40064ACE4 /* Release */,
			);
			defaultConfigurationIsVisible = 0;
			defaultConfigurationName = Release;
		};
		EFDB875E268589B40064ACE4 /* Build configuration list for PBXNativeTarget "PermissionsTests" */ = {
			isa = XCConfigurationList;
			buildConfigurations = (
				EFDB875F268589B40064ACE4 /* Debug */,
				EFDB8760268589B40064ACE4 /* Release */,
			);
			defaultConfigurationIsVisible = 0;
			defaultConfigurationName = Release;
		};
		EFDB8761268589B40064ACE4 /* Build configuration list for PBXNativeTarget "PermissionsUITests" */ = {
			isa = XCConfigurationList;
			buildConfigurations = (
				EFDB8762268589B40064ACE4 /* Debug */,
				EFDB8763268589B40064ACE4 /* Release */,
			);
			defaultConfigurationIsVisible = 0;
			defaultConfigurationName = Release;
		};
/* End XCConfigurationList section */
	};
	rootObject = EFDB8729268589AF0064ACE4 /* Project object */;
}
